// !$*UTF8*$!
{
	archiveVersion = 1;
	classes = {
	};
	objectVersion = 56;
	objects = {

/* Begin PBXBuildFile section */
		55050AF92B04BAF200485BE2 /* Cocoa.framework in Frameworks */ = {isa = PBXBuildFile; fileRef = 55050AF82B04BAF200485BE2 /* Cocoa.framework */; };
		55050AFC2B04BAF200485BE2 /* blockerList.json in Resources */ = {isa = PBXBuildFile; fileRef = 55050AFB2B04BAF200485BE2 /* blockerList.json */; };
		55050AFE2B04BAF200485BE2 /* ContentBlockerRequestHandler.swift in Sources */ = {isa = PBXBuildFile; fileRef = 55050AFD2B04BAF200485BE2 /* ContentBlockerRequestHandler.swift */; };
		55050B092B04BCF800485BE2 /* Constants.swift in Sources */ = {isa = PBXBuildFile; fileRef = 55050B082B04BCF800485BE2 /* Constants.swift */; };
		550B9D162B0377440055E9A5 /* BaseText.swift in Sources */ = {isa = PBXBuildFile; fileRef = 550B9D152B0377440055E9A5 /* BaseText.swift */; };
		550B9D182B037AE50055E9A5 /* ChooseBlockView.swift in Sources */ = {isa = PBXBuildFile; fileRef = 550B9D172B037AE50055E9A5 /* ChooseBlockView.swift */; };
		550B9D1B2B0381DC0055E9A5 /* OnboardingViewModel.swift in Sources */ = {isa = PBXBuildFile; fileRef = 550B9D1A2B0381DC0055E9A5 /* OnboardingViewModel.swift */; };
		550B9D2A2B039E760055E9A5 /* ChooseBlockType.swift in Sources */ = {isa = PBXBuildFile; fileRef = 550B9D292B039E760055E9A5 /* ChooseBlockType.swift */; };
		550B9D322B03B7A90055E9A5 /* ExpierenceView.swift in Sources */ = {isa = PBXBuildFile; fileRef = 550B9D312B03B7A90055E9A5 /* ExpierenceView.swift */; };
		554C05112B06069700A6ACA1 /* BaseView.swift in Sources */ = {isa = PBXBuildFile; fileRef = 554C05102B06069700A6ACA1 /* BaseView.swift */; };
		554C05142B06295B00A6ACA1 /* BaseModalView.swift in Sources */ = {isa = PBXBuildFile; fileRef = 554C05132B06295B00A6ACA1 /* BaseModalView.swift */; };
		554C05162B06366D00A6ACA1 /* CommentsView.swift in Sources */ = {isa = PBXBuildFile; fileRef = 554C05152B06366D00A6ACA1 /* CommentsView.swift */; };
		556344942B036D250070CD3E /* iBlockerApp.swift in Sources */ = {isa = PBXBuildFile; fileRef = 556344932B036D250070CD3E /* iBlockerApp.swift */; };
		556344962B036D250070CD3E /* GetStartedView.swift in Sources */ = {isa = PBXBuildFile; fileRef = 556344952B036D250070CD3E /* GetStartedView.swift */; };
		556344982B036D260070CD3E /* Assets.xcassets in Resources */ = {isa = PBXBuildFile; fileRef = 556344972B036D260070CD3E /* Assets.xcassets */; };
		556344AE2B036F970070CD3E /* Texts.swift in Sources */ = {isa = PBXBuildFile; fileRef = 556344AD2B036F970070CD3E /* Texts.swift */; };
		556344B22B0370970070CD3E /* Localizable.strings in Resources */ = {isa = PBXBuildFile; fileRef = 556344B42B0370970070CD3E /* Localizable.strings */; };
		5569FC052B04FD8000B39A74 /* FiltersView.swift in Sources */ = {isa = PBXBuildFile; fileRef = 5569FC042B04FD8000B39A74 /* FiltersView.swift */; };
		5569FC072B04FD8A00B39A74 /* StatsView.swift in Sources */ = {isa = PBXBuildFile; fileRef = 5569FC062B04FD8A00B39A74 /* StatsView.swift */; };
		5569FC092B04FDA400B39A74 /* SettingsView.swift in Sources */ = {isa = PBXBuildFile; fileRef = 5569FC082B04FDA400B39A74 /* SettingsView.swift */; };
		5569FC0B2B04FE1200B39A74 /* HomeView.swift in Sources */ = {isa = PBXBuildFile; fileRef = 5569FC0A2B04FE1200B39A74 /* HomeView.swift */; };
		5569FC0D2B050E4300B39A74 /* BaseButton.swift in Sources */ = {isa = PBXBuildFile; fileRef = 5569FC0C2B050E4300B39A74 /* BaseButton.swift */; };
		55AF56852B04CAC200B4B79E /* ContentBlockerRequestHandler.swift in Sources */ = {isa = PBXBuildFile; fileRef = 55050AFD2B04BAF200485BE2 /* ContentBlockerRequestHandler.swift */; };
		55AF56872B04CDD100B4B79E /* StepsIntegrateView.swift in Sources */ = {isa = PBXBuildFile; fileRef = 55AF56862B04CDD100B4B79E /* StepsIntegrateView.swift */; };
		55AF56892B04D19500B4B79E /* NotificationView.swift in Sources */ = {isa = PBXBuildFile; fileRef = 55AF56882B04D19500B4B79E /* NotificationView.swift */; };
		55AF568B2B04DA6D00B4B79E /* PurchaseView.swift in Sources */ = {isa = PBXBuildFile; fileRef = 55AF568A2B04DA6D00B4B79E /* PurchaseView.swift */; };
		55AF568E2B04DB6600B4B79E /* MainView.swift in Sources */ = {isa = PBXBuildFile; fileRef = 55AF568D2B04DB6600B4B79E /* MainView.swift */; };
		55D326C42B08C22D006F2700 /* Router.swift in Sources */ = {isa = PBXBuildFile; fileRef = 55D326C32B08C22D006F2700 /* Router.swift */; };
/* End PBXBuildFile section */

/* Begin PBXFileReference section */
		55050AF62B04BAF200485BE2 /* contentBlocker.appex */ = {isa = PBXFileReference; explicitFileType = "wrapper.app-extension"; includeInIndex = 0; path = contentBlocker.appex; sourceTree = BUILT_PRODUCTS_DIR; };
		55050AF82B04BAF200485BE2 /* Cocoa.framework */ = {isa = PBXFileReference; lastKnownFileType = wrapper.framework; name = Cocoa.framework; path = System/Library/Frameworks/Cocoa.framework; sourceTree = SDKROOT; };
		55050AFB2B04BAF200485BE2 /* blockerList.json */ = {isa = PBXFileReference; lastKnownFileType = text.json; path = blockerList.json; sourceTree = "<group>"; };
		55050AFD2B04BAF200485BE2 /* ContentBlockerRequestHandler.swift */ = {isa = PBXFileReference; lastKnownFileType = sourcecode.swift; path = ContentBlockerRequestHandler.swift; sourceTree = "<group>"; };
		55050AFF2B04BAF200485BE2 /* Info.plist */ = {isa = PBXFileReference; lastKnownFileType = text.plist.xml; path = Info.plist; sourceTree = "<group>"; };
		55050B002B04BAF200485BE2 /* contentBlocker_extension.entitlements */ = {isa = PBXFileReference; lastKnownFileType = text.plist.entitlements; path = contentBlocker_extension.entitlements; sourceTree = "<group>"; };
		55050B082B04BCF800485BE2 /* Constants.swift */ = {isa = PBXFileReference; lastKnownFileType = sourcecode.swift; path = Constants.swift; sourceTree = "<group>"; };
		550B9D152B0377440055E9A5 /* BaseText.swift */ = {isa = PBXFileReference; lastKnownFileType = sourcecode.swift; path = BaseText.swift; sourceTree = "<group>"; };
		550B9D172B037AE50055E9A5 /* ChooseBlockView.swift */ = {isa = PBXFileReference; lastKnownFileType = sourcecode.swift; path = ChooseBlockView.swift; sourceTree = "<group>"; };
		550B9D1A2B0381DC0055E9A5 /* OnboardingViewModel.swift */ = {isa = PBXFileReference; lastKnownFileType = sourcecode.swift; path = OnboardingViewModel.swift; sourceTree = "<group>"; };
		550B9D292B039E760055E9A5 /* ChooseBlockType.swift */ = {isa = PBXFileReference; lastKnownFileType = sourcecode.swift; path = ChooseBlockType.swift; sourceTree = "<group>"; };
		550B9D312B03B7A90055E9A5 /* ExpierenceView.swift */ = {isa = PBXFileReference; lastKnownFileType = sourcecode.swift; path = ExpierenceView.swift; sourceTree = "<group>"; };
		554C05102B06069700A6ACA1 /* BaseView.swift */ = {isa = PBXFileReference; lastKnownFileType = sourcecode.swift; path = BaseView.swift; sourceTree = "<group>"; };
		554C05132B06295B00A6ACA1 /* BaseModalView.swift */ = {isa = PBXFileReference; lastKnownFileType = sourcecode.swift; path = BaseModalView.swift; sourceTree = "<group>"; };
		554C05152B06366D00A6ACA1 /* CommentsView.swift */ = {isa = PBXFileReference; lastKnownFileType = sourcecode.swift; path = CommentsView.swift; sourceTree = "<group>"; };
		555867902B07A4A900B312E0 /* macOS_AppApp.swift */ = {isa = PBXFileReference; lastKnownFileType = sourcecode.swift; path = macOS_AppApp.swift; sourceTree = "<group>"; };
		555867922B07A4A900B312E0 /* ContentView.swift */ = {isa = PBXFileReference; lastKnownFileType = sourcecode.swift; path = ContentView.swift; sourceTree = "<group>"; };
		555867942B07A4AA00B312E0 /* Assets.xcassets */ = {isa = PBXFileReference; lastKnownFileType = folder.assetcatalog; path = Assets.xcassets; sourceTree = "<group>"; };
		555867972B07A4AA00B312E0 /* Preview Assets.xcassets */ = {isa = PBXFileReference; lastKnownFileType = folder.assetcatalog; path = "Preview Assets.xcassets"; sourceTree = "<group>"; };
		555867992B07A4AA00B312E0 /* macOS_App.entitlements */ = {isa = PBXFileReference; lastKnownFileType = text.plist.entitlements; path = macOS_App.entitlements; sourceTree = "<group>"; };
		556344902B036D250070CD3E /* iBlocker.app */ = {isa = PBXFileReference; explicitFileType = wrapper.application; includeInIndex = 0; path = iBlocker.app; sourceTree = BUILT_PRODUCTS_DIR; };
		556344932B036D250070CD3E /* iBlockerApp.swift */ = {isa = PBXFileReference; lastKnownFileType = sourcecode.swift; path = iBlockerApp.swift; sourceTree = "<group>"; };
		556344952B036D250070CD3E /* GetStartedView.swift */ = {isa = PBXFileReference; lastKnownFileType = sourcecode.swift; path = GetStartedView.swift; sourceTree = "<group>"; };
		556344972B036D260070CD3E /* Assets.xcassets */ = {isa = PBXFileReference; lastKnownFileType = folder.assetcatalog; path = Assets.xcassets; sourceTree = "<group>"; };
		556344992B036D260070CD3E /* iBlocker.entitlements */ = {isa = PBXFileReference; lastKnownFileType = text.plist.entitlements; path = iBlocker.entitlements; sourceTree = "<group>"; };
		556344AD2B036F970070CD3E /* Texts.swift */ = {isa = PBXFileReference; lastKnownFileType = sourcecode.swift; path = Texts.swift; sourceTree = "<group>"; };
		556344B32B0370970070CD3E /* en */ = {isa = PBXFileReference; lastKnownFileType = text.plist.strings; name = en; path = en.lproj/Localizable.strings; sourceTree = "<group>"; };
		556344B52B0370990070CD3E /* en-IN */ = {isa = PBXFileReference; lastKnownFileType = text.plist.strings; name = "en-IN"; path = "en-IN.lproj/Localizable.strings"; sourceTree = "<group>"; };
		5569FC042B04FD8000B39A74 /* FiltersView.swift */ = {isa = PBXFileReference; lastKnownFileType = sourcecode.swift; path = FiltersView.swift; sourceTree = "<group>"; };
		5569FC062B04FD8A00B39A74 /* StatsView.swift */ = {isa = PBXFileReference; lastKnownFileType = sourcecode.swift; path = StatsView.swift; sourceTree = "<group>"; };
		5569FC082B04FDA400B39A74 /* SettingsView.swift */ = {isa = PBXFileReference; lastKnownFileType = sourcecode.swift; path = SettingsView.swift; sourceTree = "<group>"; };
		5569FC0A2B04FE1200B39A74 /* HomeView.swift */ = {isa = PBXFileReference; lastKnownFileType = sourcecode.swift; path = HomeView.swift; sourceTree = "<group>"; };
		5569FC0C2B050E4300B39A74 /* BaseButton.swift */ = {isa = PBXFileReference; lastKnownFileType = sourcecode.swift; path = BaseButton.swift; sourceTree = "<group>"; };
		55AF56862B04CDD100B4B79E /* StepsIntegrateView.swift */ = {isa = PBXFileReference; lastKnownFileType = sourcecode.swift; path = StepsIntegrateView.swift; sourceTree = "<group>"; };
		55AF56882B04D19500B4B79E /* NotificationView.swift */ = {isa = PBXFileReference; lastKnownFileType = sourcecode.swift; path = NotificationView.swift; sourceTree = "<group>"; };
		55AF568A2B04DA6D00B4B79E /* PurchaseView.swift */ = {isa = PBXFileReference; lastKnownFileType = sourcecode.swift; path = PurchaseView.swift; sourceTree = "<group>"; };
		55AF568D2B04DB6600B4B79E /* MainView.swift */ = {isa = PBXFileReference; lastKnownFileType = sourcecode.swift; path = MainView.swift; sourceTree = "<group>"; };
		55D326C32B08C22D006F2700 /* Router.swift */ = {isa = PBXFileReference; lastKnownFileType = sourcecode.swift; path = Router.swift; sourceTree = "<group>"; };
/* End PBXFileReference section */

/* Begin PBXFrameworksBuildPhase section */
		55050AF32B04BAF200485BE2 /* Frameworks */ = {
			isa = PBXFrameworksBuildPhase;
			buildActionMask = 2147483647;
			files = (
				55050AF92B04BAF200485BE2 /* Cocoa.framework in Frameworks */,
			);
			runOnlyForDeploymentPostprocessing = 0;
		};
		5563448D2B036D250070CD3E /* Frameworks */ = {
			isa = PBXFrameworksBuildPhase;
			buildActionMask = 2147483647;
			files = (
			);
			runOnlyForDeploymentPostprocessing = 0;
		};
/* End PBXFrameworksBuildPhase section */

/* Begin PBXGroup section */
		55050AF72B04BAF200485BE2 /* Frameworks */ = {
			isa = PBXGroup;
			children = (
				55050AF82B04BAF200485BE2 /* Cocoa.framework */,
			);
			name = Frameworks;
			sourceTree = "<group>";
		};
		55050AFA2B04BAF200485BE2 /* contentBlocker Extension */ = {
			isa = PBXGroup;
			children = (
				55AF56822B04C9BA00B4B79E /* Request Handler */,
				55AF56832B04C9C800B4B79E /* Data */,
				55AF56842B04C9D100B4B79E /* Resources */,
			);
			path = "contentBlocker Extension";
			sourceTree = "<group>";
		};
		550B9D192B0381C80055E9A5 /* ViewModel */ = {
			isa = PBXGroup;
			children = (
				550B9D1A2B0381DC0055E9A5 /* OnboardingViewModel.swift */,
			);
			path = ViewModel;
			sourceTree = "<group>";
		};
		550B9D262B0396A80055E9A5 /* Module */ = {
			isa = PBXGroup;
			children = (
				550B9D272B0396C30055E9A5 /* Onboarding */,
				55AF568C2B04DB5600B4B79E /* Home */,
				5569FC022B04FD6300B39A74 /* Filters */,
				5569FC012B04FD5C00B39A74 /* Stats */,
				5569FC032B04FD6C00B39A74 /* Settings */,
			);
			path = Module;
			sourceTree = "<group>";
		};
		550B9D272B0396C30055E9A5 /* Onboarding */ = {
			isa = PBXGroup;
			children = (
				550B9D282B0396EE0055E9A5 /* Model */,
				556344A42B036D6B0070CD3E /* View */,
				550B9D192B0381C80055E9A5 /* ViewModel */,
				55D326C22B08C223006F2700 /* Router */,
			);
			path = Onboarding;
			sourceTree = "<group>";
		};
		550B9D282B0396EE0055E9A5 /* Model */ = {
			isa = PBXGroup;
			children = (
				550B9D292B039E760055E9A5 /* ChooseBlockType.swift */,
			);
			path = Model;
			sourceTree = "<group>";
		};
		5558678F2B07A4A900B312E0 /* macOS App */ = {
			isa = PBXGroup;
			children = (
				555867902B07A4A900B312E0 /* macOS_AppApp.swift */,
				555867922B07A4A900B312E0 /* ContentView.swift */,
				555867942B07A4AA00B312E0 /* Assets.xcassets */,
				555867992B07A4AA00B312E0 /* macOS_App.entitlements */,
				555867962B07A4AA00B312E0 /* Preview Content */,
			);
			path = "macOS App";
			sourceTree = "<group>";
		};
		555867962B07A4AA00B312E0 /* Preview Content */ = {
			isa = PBXGroup;
			children = (
				555867972B07A4AA00B312E0 /* Preview Assets.xcassets */,
			);
			path = "Preview Content";
			sourceTree = "<group>";
		};
		556344872B036D250070CD3E = {
			isa = PBXGroup;
			children = (
				556344922B036D250070CD3E /* iOS & macOS Apps */,
				55050AFA2B04BAF200485BE2 /* contentBlocker Extension */,
				5558678F2B07A4A900B312E0 /* macOS App */,
				55050AF72B04BAF200485BE2 /* Frameworks */,
				556344912B036D250070CD3E /* Products */,
			);
			sourceTree = "<group>";
		};
		556344912B036D250070CD3E /* Products */ = {
			isa = PBXGroup;
			children = (
				556344902B036D250070CD3E /* iBlocker.app */,
				55050AF62B04BAF200485BE2 /* contentBlocker.appex */,
			);
			name = Products;
			sourceTree = "<group>";
		};
		556344922B036D250070CD3E /* iOS & macOS Apps */ = {
			isa = PBXGroup;
			children = (
				556344A22B036D470070CD3E /* App */,
				550B9D262B0396A80055E9A5 /* Module */,
				556344A72B036F3B0070CD3E /* Localization */,
				556344A62B036F040070CD3E /* Data */,
				556344A32B036D4F0070CD3E /* Resources */,
			);
			path = "iOS & macOS Apps";
			sourceTree = "<group>";
		};
		556344A22B036D470070CD3E /* App */ = {
			isa = PBXGroup;
			children = (
				556344932B036D250070CD3E /* iBlockerApp.swift */,
			);
			path = App;
			sourceTree = "<group>";
		};
		556344A32B036D4F0070CD3E /* Resources */ = {
			isa = PBXGroup;
			children = (
				556344972B036D260070CD3E /* Assets.xcassets */,
				556344992B036D260070CD3E /* iBlocker.entitlements */,
			);
			path = Resources;
			sourceTree = "<group>";
		};
		556344A42B036D6B0070CD3E /* View */ = {
			isa = PBXGroup;
			children = (
				556344B62B03723D0070CD3E /* Helpers */,
				556344952B036D250070CD3E /* GetStartedView.swift */,
				550B9D172B037AE50055E9A5 /* ChooseBlockView.swift */,
				550B9D312B03B7A90055E9A5 /* ExpierenceView.swift */,
				554C05152B06366D00A6ACA1 /* CommentsView.swift */,
				55AF56862B04CDD100B4B79E /* StepsIntegrateView.swift */,
				55AF56882B04D19500B4B79E /* NotificationView.swift */,
			);
			path = View;
			sourceTree = "<group>";
		};
		556344A62B036F040070CD3E /* Data */ = {
			isa = PBXGroup;
			children = (
				556344AD2B036F970070CD3E /* Texts.swift */,
				55050B082B04BCF800485BE2 /* Constants.swift */,
			);
			path = Data;
			sourceTree = "<group>";
		};
		556344A72B036F3B0070CD3E /* Localization */ = {
			isa = PBXGroup;
			children = (
				556344B42B0370970070CD3E /* Localizable.strings */,
			);
			path = Localization;
			sourceTree = "<group>";
		};
		556344B62B03723D0070CD3E /* Helpers */ = {
			isa = PBXGroup;
			children = (
				550B9D152B0377440055E9A5 /* BaseText.swift */,
				5569FC0C2B050E4300B39A74 /* BaseButton.swift */,
				554C05102B06069700A6ACA1 /* BaseView.swift */,
				554C05132B06295B00A6ACA1 /* BaseModalView.swift */,
			);
			path = Helpers;
			sourceTree = "<group>";
		};
		5569FC012B04FD5C00B39A74 /* Stats */ = {
			isa = PBXGroup;
			children = (
				5569FC062B04FD8A00B39A74 /* StatsView.swift */,
			);
			path = Stats;
			sourceTree = "<group>";
		};
		5569FC022B04FD6300B39A74 /* Filters */ = {
			isa = PBXGroup;
			children = (
				5569FC042B04FD8000B39A74 /* FiltersView.swift */,
			);
			path = Filters;
			sourceTree = "<group>";
		};
		5569FC032B04FD6C00B39A74 /* Settings */ = {
			isa = PBXGroup;
			children = (
				5569FC082B04FDA400B39A74 /* SettingsView.swift */,
			);
			path = Settings;
			sourceTree = "<group>";
		};
		55AF56822B04C9BA00B4B79E /* Request Handler */ = {
			isa = PBXGroup;
			children = (
				55050AFD2B04BAF200485BE2 /* ContentBlockerRequestHandler.swift */,
			);
			path = "Request Handler";
			sourceTree = "<group>";
		};
		55AF56832B04C9C800B4B79E /* Data */ = {
			isa = PBXGroup;
			children = (
				55050AFB2B04BAF200485BE2 /* blockerList.json */,
			);
			path = Data;
			sourceTree = "<group>";
		};
		55AF56842B04C9D100B4B79E /* Resources */ = {
			isa = PBXGroup;
			children = (
				55050B002B04BAF200485BE2 /* contentBlocker_extension.entitlements */,
				55050AFF2B04BAF200485BE2 /* Info.plist */,
			);
			path = Resources;
			sourceTree = "<group>";
		};
		55AF568C2B04DB5600B4B79E /* Home */ = {
			isa = PBXGroup;
			children = (
				55AF568A2B04DA6D00B4B79E /* PurchaseView.swift */,
				5569FC0A2B04FE1200B39A74 /* HomeView.swift */,
				55AF568D2B04DB6600B4B79E /* MainView.swift */,
			);
			path = Home;
			sourceTree = "<group>";
		};
		55D326C22B08C223006F2700 /* Router */ = {
			isa = PBXGroup;
			children = (
				55D326C32B08C22D006F2700 /* Router.swift */,
			);
			path = Router;
			sourceTree = "<group>";
		};
/* End PBXGroup section */

/* Begin PBXNativeTarget section */
		55050AF52B04BAF200485BE2 /* contentBlocker */ = {
			isa = PBXNativeTarget;
			buildConfigurationList = 55050B072B04BAF200485BE2 /* Build configuration list for PBXNativeTarget "contentBlocker" */;
			buildPhases = (
				55050AF22B04BAF200485BE2 /* Sources */,
				55050AF32B04BAF200485BE2 /* Frameworks */,
				55050AF42B04BAF200485BE2 /* Resources */,
			);
			buildRules = (
			);
			dependencies = (
			);
			name = contentBlocker;
			productName = "contentBlocker-extension";
			productReference = 55050AF62B04BAF200485BE2 /* contentBlocker.appex */;
			productType = "com.apple.product-type.app-extension";
		};
		5563448F2B036D250070CD3E /* iBlocker */ = {
			isa = PBXNativeTarget;
			buildConfigurationList = 5563449F2B036D260070CD3E /* Build configuration list for PBXNativeTarget "iBlocker" */;
			buildPhases = (
				5563448C2B036D250070CD3E /* Sources */,
				5563448D2B036D250070CD3E /* Frameworks */,
				5563448E2B036D250070CD3E /* Resources */,
			);
			buildRules = (
			);
			dependencies = (
			);
			name = iBlocker;
			productName = "iBlocker-ios-macos-apps";
			productReference = 556344902B036D250070CD3E /* iBlocker.app */;
			productType = "com.apple.product-type.application";
		};
/* End PBXNativeTarget section */

/* Begin PBXProject section */
		556344882B036D250070CD3E /* Project object */ = {
			isa = PBXProject;
			attributes = {
				BuildIndependentTargetsInParallel = 1;
				LastSwiftUpdateCheck = 1500;
				LastUpgradeCheck = 1500;
				TargetAttributes = {
					55050AF52B04BAF200485BE2 = {
						CreatedOnToolsVersion = 15.0.1;
					};
					5563448F2B036D250070CD3E = {
						CreatedOnToolsVersion = 15.0.1;
					};
				};
			};
			buildConfigurationList = 5563448B2B036D250070CD3E /* Build configuration list for PBXProject "iBlocker" */;
			compatibilityVersion = "Xcode 14.0";
			developmentRegion = en;
			hasScannedForEncodings = 0;
			knownRegions = (
				en,
				Base,
				"en-IN",
			);
			mainGroup = 556344872B036D250070CD3E;
			productRefGroup = 556344912B036D250070CD3E /* Products */;
			projectDirPath = "";
			projectRoot = "";
			targets = (
				5563448F2B036D250070CD3E /* iBlocker */,
				55050AF52B04BAF200485BE2 /* contentBlocker */,
			);
		};
/* End PBXProject section */

/* Begin PBXResourcesBuildPhase section */
		55050AF42B04BAF200485BE2 /* Resources */ = {
			isa = PBXResourcesBuildPhase;
			buildActionMask = 2147483647;
			files = (
				55050AFC2B04BAF200485BE2 /* blockerList.json in Resources */,
			);
			runOnlyForDeploymentPostprocessing = 0;
		};
		5563448E2B036D250070CD3E /* Resources */ = {
			isa = PBXResourcesBuildPhase;
			buildActionMask = 2147483647;
			files = (
				556344982B036D260070CD3E /* Assets.xcassets in Resources */,
				556344B22B0370970070CD3E /* Localizable.strings in Resources */,
			);
			runOnlyForDeploymentPostprocessing = 0;
		};
/* End PBXResourcesBuildPhase section */

/* Begin PBXSourcesBuildPhase section */
		55050AF22B04BAF200485BE2 /* Sources */ = {
			isa = PBXSourcesBuildPhase;
			buildActionMask = 2147483647;
			files = (
				55050AFE2B04BAF200485BE2 /* ContentBlockerRequestHandler.swift in Sources */,
			);
			runOnlyForDeploymentPostprocessing = 0;
		};
		5563448C2B036D250070CD3E /* Sources */ = {
			isa = PBXSourcesBuildPhase;
			buildActionMask = 2147483647;
			files = (
				55AF56872B04CDD100B4B79E /* StepsIntegrateView.swift in Sources */,
				55AF568B2B04DA6D00B4B79E /* PurchaseView.swift in Sources */,
				5569FC052B04FD8000B39A74 /* FiltersView.swift in Sources */,
				556344AE2B036F970070CD3E /* Texts.swift in Sources */,
				550B9D322B03B7A90055E9A5 /* ExpierenceView.swift in Sources */,
				556344962B036D250070CD3E /* GetStartedView.swift in Sources */,
				55AF56892B04D19500B4B79E /* NotificationView.swift in Sources */,
				55AF56852B04CAC200B4B79E /* ContentBlockerRequestHandler.swift in Sources */,
				550B9D182B037AE50055E9A5 /* ChooseBlockView.swift in Sources */,
				55AF568E2B04DB6600B4B79E /* MainView.swift in Sources */,
				556344942B036D250070CD3E /* iBlockerApp.swift in Sources */,
				550B9D1B2B0381DC0055E9A5 /* OnboardingViewModel.swift in Sources */,
				554C05112B06069700A6ACA1 /* BaseView.swift in Sources */,
				554C05162B06366D00A6ACA1 /* CommentsView.swift in Sources */,
				554C05142B06295B00A6ACA1 /* BaseModalView.swift in Sources */,
				550B9D162B0377440055E9A5 /* BaseText.swift in Sources */,
				55D326C42B08C22D006F2700 /* Router.swift in Sources */,
				55050B092B04BCF800485BE2 /* Constants.swift in Sources */,
				550B9D2A2B039E760055E9A5 /* ChooseBlockType.swift in Sources */,
				5569FC0D2B050E4300B39A74 /* BaseButton.swift in Sources */,
				5569FC072B04FD8A00B39A74 /* StatsView.swift in Sources */,
				5569FC0B2B04FE1200B39A74 /* HomeView.swift in Sources */,
				5569FC092B04FDA400B39A74 /* SettingsView.swift in Sources */,
			);
			runOnlyForDeploymentPostprocessing = 0;
		};
/* End PBXSourcesBuildPhase section */

/* Begin PBXVariantGroup section */
		556344B42B0370970070CD3E /* Localizable.strings */ = {
			isa = PBXVariantGroup;
			children = (
				556344B32B0370970070CD3E /* en */,
				556344B52B0370990070CD3E /* en-IN */,
			);
			name = Localizable.strings;
			sourceTree = "<group>";
		};
/* End PBXVariantGroup section */

/* Begin XCBuildConfiguration section */
		55050B052B04BAF200485BE2 /* Debug */ = {
			isa = XCBuildConfiguration;
			buildSettings = {
				CODE_SIGN_ENTITLEMENTS = "contentBlocker Extension/Resources/contentBlocker_extension.entitlements";
				CODE_SIGN_IDENTITY = "Apple Development";
				CODE_SIGN_STYLE = Automatic;
				CURRENT_PROJECT_VERSION = 1;
				DEVELOPMENT_TEAM = "";
				ENABLE_HARDENED_RUNTIME = YES;
				GENERATE_INFOPLIST_FILE = YES;
				INFOPLIST_FILE = "contentBlocker Extension/Resources/Info.plist";
				INFOPLIST_KEY_CFBundleDisplayName = "contentBlocker-extension";
				INFOPLIST_KEY_NSHumanReadableCopyright = "";
				LD_RUNPATH_SEARCH_PATHS = (
					"$(inherited)",
					"@executable_path/../Frameworks",
					"@executable_path/../../../../Frameworks",
				);
				MACOSX_DEPLOYMENT_TARGET = 13.6;
				MARKETING_VERSION = 1.0;
				PRODUCT_BUNDLE_IDENTIFIER = "aiv.iBlocker-ios-macos-apps.contentBlocker-extension";
				PRODUCT_NAME = "$(TARGET_NAME)";
				PROVISIONING_PROFILE_SPECIFIER = "";
				SDKROOT = macosx;
				SKIP_INSTALL = YES;
				SUPPORTED_PLATFORMS = "iphoneos iphonesimulator macosx";
				SUPPORTS_MACCATALYST = NO;
				SWIFT_EMIT_LOC_STRINGS = YES;
				SWIFT_VERSION = 5.0;
				TARGETED_DEVICE_FAMILY = "1,2";
			};
			name = Debug;
		};
		55050B062B04BAF200485BE2 /* Release */ = {
			isa = XCBuildConfiguration;
			buildSettings = {
				CODE_SIGN_ENTITLEMENTS = "contentBlocker Extension/Resources/contentBlocker_extension.entitlements";
				CODE_SIGN_IDENTITY = "Apple Development";
				CODE_SIGN_STYLE = Automatic;
				CURRENT_PROJECT_VERSION = 1;
				DEVELOPMENT_TEAM = "";
				ENABLE_HARDENED_RUNTIME = YES;
				GENERATE_INFOPLIST_FILE = YES;
				INFOPLIST_FILE = "contentBlocker Extension/Resources/Info.plist";
				INFOPLIST_KEY_CFBundleDisplayName = "contentBlocker-extension";
				INFOPLIST_KEY_NSHumanReadableCopyright = "";
				LD_RUNPATH_SEARCH_PATHS = (
					"$(inherited)",
					"@executable_path/../Frameworks",
					"@executable_path/../../../../Frameworks",
				);
				MACOSX_DEPLOYMENT_TARGET = 13.6;
				MARKETING_VERSION = 1.0;
				PRODUCT_BUNDLE_IDENTIFIER = "aiv.iBlocker-ios-macos-apps.contentBlocker-extension";
				PRODUCT_NAME = "$(TARGET_NAME)";
				PROVISIONING_PROFILE_SPECIFIER = "";
				SDKROOT = macosx;
				SKIP_INSTALL = YES;
				SUPPORTED_PLATFORMS = "iphoneos iphonesimulator macosx";
				SUPPORTS_MACCATALYST = NO;
				SWIFT_EMIT_LOC_STRINGS = YES;
				SWIFT_VERSION = 5.0;
				TARGETED_DEVICE_FAMILY = "1,2";
			};
			name = Release;
		};
		5563449D2B036D260070CD3E /* Debug */ = {
			isa = XCBuildConfiguration;
			buildSettings = {
				ALWAYS_SEARCH_USER_PATHS = NO;
				ASSETCATALOG_COMPILER_GENERATE_SWIFT_ASSET_SYMBOL_EXTENSIONS = YES;
				CLANG_ANALYZER_LOCALIZABILITY_NONLOCALIZED = YES;
				CLANG_ANALYZER_NONNULL = YES;
				CLANG_ANALYZER_NUMBER_OBJECT_CONVERSION = YES_AGGRESSIVE;
				CLANG_CXX_LANGUAGE_STANDARD = "gnu++20";
				CLANG_ENABLE_MODULES = YES;
				CLANG_ENABLE_OBJC_ARC = YES;
				CLANG_ENABLE_OBJC_WEAK = YES;
				CLANG_WARN_BLOCK_CAPTURE_AUTORELEASING = YES;
				CLANG_WARN_BOOL_CONVERSION = YES;
				CLANG_WARN_COMMA = YES;
				CLANG_WARN_CONSTANT_CONVERSION = YES;
				CLANG_WARN_DEPRECATED_OBJC_IMPLEMENTATIONS = YES;
				CLANG_WARN_DIRECT_OBJC_ISA_USAGE = YES_ERROR;
				CLANG_WARN_DOCUMENTATION_COMMENTS = YES;
				CLANG_WARN_EMPTY_BODY = YES;
				CLANG_WARN_ENUM_CONVERSION = YES;
				CLANG_WARN_INFINITE_RECURSION = YES;
				CLANG_WARN_INT_CONVERSION = YES;
				CLANG_WARN_NON_LITERAL_NULL_CONVERSION = YES;
				CLANG_WARN_OBJC_IMPLICIT_RETAIN_SELF = YES;
				CLANG_WARN_OBJC_LITERAL_CONVERSION = YES;
				CLANG_WARN_OBJC_ROOT_CLASS = YES_ERROR;
				CLANG_WARN_QUOTED_INCLUDE_IN_FRAMEWORK_HEADER = YES;
				CLANG_WARN_RANGE_LOOP_ANALYSIS = YES;
				CLANG_WARN_STRICT_PROTOTYPES = YES;
				CLANG_WARN_SUSPICIOUS_MOVE = YES;
				CLANG_WARN_UNGUARDED_AVAILABILITY = YES_AGGRESSIVE;
				CLANG_WARN_UNREACHABLE_CODE = YES;
				CLANG_WARN__DUPLICATE_METHOD_MATCH = YES;
				COPY_PHASE_STRIP = NO;
				DEBUG_INFORMATION_FORMAT = dwarf;
				ENABLE_STRICT_OBJC_MSGSEND = YES;
				ENABLE_TESTABILITY = YES;
				ENABLE_USER_SCRIPT_SANDBOXING = YES;
				GCC_C_LANGUAGE_STANDARD = gnu17;
				GCC_DYNAMIC_NO_PIC = NO;
				GCC_NO_COMMON_BLOCKS = YES;
				GCC_OPTIMIZATION_LEVEL = 0;
				GCC_PREPROCESSOR_DEFINITIONS = (
					"DEBUG=1",
					"$(inherited)",
				);
				GCC_WARN_64_TO_32_BIT_CONVERSION = YES;
				GCC_WARN_ABOUT_RETURN_TYPE = YES_ERROR;
				GCC_WARN_UNDECLARED_SELECTOR = YES;
				GCC_WARN_UNINITIALIZED_AUTOS = YES_AGGRESSIVE;
				GCC_WARN_UNUSED_FUNCTION = YES;
				GCC_WARN_UNUSED_VARIABLE = YES;
				LOCALIZATION_PREFERS_STRING_CATALOGS = YES;
				MTL_ENABLE_DEBUG_INFO = INCLUDE_SOURCE;
				MTL_FAST_MATH = YES;
				ONLY_ACTIVE_ARCH = YES;
				SWIFT_ACTIVE_COMPILATION_CONDITIONS = "DEBUG $(inherited)";
				SWIFT_OPTIMIZATION_LEVEL = "-Onone";
			};
			name = Debug;
		};
		5563449E2B036D260070CD3E /* Release */ = {
			isa = XCBuildConfiguration;
			buildSettings = {
				ALWAYS_SEARCH_USER_PATHS = NO;
				ASSETCATALOG_COMPILER_GENERATE_SWIFT_ASSET_SYMBOL_EXTENSIONS = YES;
				CLANG_ANALYZER_LOCALIZABILITY_NONLOCALIZED = YES;
				CLANG_ANALYZER_NONNULL = YES;
				CLANG_ANALYZER_NUMBER_OBJECT_CONVERSION = YES_AGGRESSIVE;
				CLANG_CXX_LANGUAGE_STANDARD = "gnu++20";
				CLANG_ENABLE_MODULES = YES;
				CLANG_ENABLE_OBJC_ARC = YES;
				CLANG_ENABLE_OBJC_WEAK = YES;
				CLANG_WARN_BLOCK_CAPTURE_AUTORELEASING = YES;
				CLANG_WARN_BOOL_CONVERSION = YES;
				CLANG_WARN_COMMA = YES;
				CLANG_WARN_CONSTANT_CONVERSION = YES;
				CLANG_WARN_DEPRECATED_OBJC_IMPLEMENTATIONS = YES;
				CLANG_WARN_DIRECT_OBJC_ISA_USAGE = YES_ERROR;
				CLANG_WARN_DOCUMENTATION_COMMENTS = YES;
				CLANG_WARN_EMPTY_BODY = YES;
				CLANG_WARN_ENUM_CONVERSION = YES;
				CLANG_WARN_INFINITE_RECURSION = YES;
				CLANG_WARN_INT_CONVERSION = YES;
				CLANG_WARN_NON_LITERAL_NULL_CONVERSION = YES;
				CLANG_WARN_OBJC_IMPLICIT_RETAIN_SELF = YES;
				CLANG_WARN_OBJC_LITERAL_CONVERSION = YES;
				CLANG_WARN_OBJC_ROOT_CLASS = YES_ERROR;
				CLANG_WARN_QUOTED_INCLUDE_IN_FRAMEWORK_HEADER = YES;
				CLANG_WARN_RANGE_LOOP_ANALYSIS = YES;
				CLANG_WARN_STRICT_PROTOTYPES = YES;
				CLANG_WARN_SUSPICIOUS_MOVE = YES;
				CLANG_WARN_UNGUARDED_AVAILABILITY = YES_AGGRESSIVE;
				CLANG_WARN_UNREACHABLE_CODE = YES;
				CLANG_WARN__DUPLICATE_METHOD_MATCH = YES;
				COPY_PHASE_STRIP = NO;
				DEBUG_INFORMATION_FORMAT = "dwarf-with-dsym";
				ENABLE_NS_ASSERTIONS = NO;
				ENABLE_STRICT_OBJC_MSGSEND = YES;
				ENABLE_USER_SCRIPT_SANDBOXING = YES;
				GCC_C_LANGUAGE_STANDARD = gnu17;
				GCC_NO_COMMON_BLOCKS = YES;
				GCC_WARN_64_TO_32_BIT_CONVERSION = YES;
				GCC_WARN_ABOUT_RETURN_TYPE = YES_ERROR;
				GCC_WARN_UNDECLARED_SELECTOR = YES;
				GCC_WARN_UNINITIALIZED_AUTOS = YES_AGGRESSIVE;
				GCC_WARN_UNUSED_FUNCTION = YES;
				GCC_WARN_UNUSED_VARIABLE = YES;
				LOCALIZATION_PREFERS_STRING_CATALOGS = YES;
				MTL_ENABLE_DEBUG_INFO = NO;
				MTL_FAST_MATH = YES;
				SWIFT_COMPILATION_MODE = wholemodule;
			};
			name = Release;
		};
		556344A02B036D260070CD3E /* Debug */ = {
			isa = XCBuildConfiguration;
			buildSettings = {
				ASSETCATALOG_COMPILER_APPICON_NAME = AppIcon;
				CODE_SIGN_ENTITLEMENTS = "iOS & macOS Apps/Resources/iBlocker.entitlements";
				CODE_SIGN_STYLE = Automatic;
				CURRENT_PROJECT_VERSION = 1;
				DEVELOPMENT_TEAM = JRA8SJKSWZ;
				ENABLE_HARDENED_RUNTIME = YES;
				ENABLE_PREVIEWS = YES;
				GENERATE_INFOPLIST_FILE = YES;
				"INFOPLIST_KEY_UIApplicationSceneManifest_Generation[sdk=iphoneos*]" = YES;
				"INFOPLIST_KEY_UIApplicationSceneManifest_Generation[sdk=iphonesimulator*]" = YES;
				"INFOPLIST_KEY_UIApplicationSupportsIndirectInputEvents[sdk=iphoneos*]" = YES;
				"INFOPLIST_KEY_UIApplicationSupportsIndirectInputEvents[sdk=iphonesimulator*]" = YES;
				"INFOPLIST_KEY_UILaunchScreen_Generation[sdk=iphoneos*]" = YES;
				"INFOPLIST_KEY_UILaunchScreen_Generation[sdk=iphonesimulator*]" = YES;
				"INFOPLIST_KEY_UIStatusBarStyle[sdk=iphoneos*]" = UIStatusBarStyleDefault;
				"INFOPLIST_KEY_UIStatusBarStyle[sdk=iphonesimulator*]" = UIStatusBarStyleDefault;
				INFOPLIST_KEY_UISupportedInterfaceOrientations_iPad = "UIInterfaceOrientationPortrait UIInterfaceOrientationPortraitUpsideDown UIInterfaceOrientationLandscapeLeft UIInterfaceOrientationLandscapeRight";
				INFOPLIST_KEY_UISupportedInterfaceOrientations_iPhone = "UIInterfaceOrientationPortrait UIInterfaceOrientationLandscapeLeft UIInterfaceOrientationLandscapeRight";
				IPHONEOS_DEPLOYMENT_TARGET = 17.0;
				LD_RUNPATH_SEARCH_PATHS = "@executable_path/Frameworks";
				"LD_RUNPATH_SEARCH_PATHS[sdk=macosx*]" = "@executable_path/../Frameworks";
				MACOSX_DEPLOYMENT_TARGET = 14.0;
				MARKETING_VERSION = 1.0;
				PRODUCT_BUNDLE_IDENTIFIER = "aiv.iBlocker-ios-macos-apps";
				PRODUCT_NAME = "$(TARGET_NAME)";
				SDKROOT = auto;
				SUPPORTED_PLATFORMS = "iphoneos iphonesimulator";
				SUPPORTS_MACCATALYST = NO;
				SUPPORTS_MAC_DESIGNED_FOR_IPHONE_IPAD = NO;
				SWIFT_EMIT_LOC_STRINGS = YES;
				SWIFT_VERSION = 5.0;
				TARGETED_DEVICE_FAMILY = "1,2";
			};
			name = Debug;
		};
		556344A12B036D260070CD3E /* Release */ = {
			isa = XCBuildConfiguration;
			buildSettings = {
				ASSETCATALOG_COMPILER_APPICON_NAME = AppIcon;
				CODE_SIGN_ENTITLEMENTS = "iOS & macOS Apps/Resources/iBlocker.entitlements";
				CODE_SIGN_STYLE = Automatic;
				CURRENT_PROJECT_VERSION = 1;
				DEVELOPMENT_TEAM = JRA8SJKSWZ;
				ENABLE_HARDENED_RUNTIME = YES;
				ENABLE_PREVIEWS = YES;
				GENERATE_INFOPLIST_FILE = YES;
				"INFOPLIST_KEY_UIApplicationSceneManifest_Generation[sdk=iphoneos*]" = YES;
				"INFOPLIST_KEY_UIApplicationSceneManifest_Generation[sdk=iphonesimulator*]" = YES;
				"INFOPLIST_KEY_UIApplicationSupportsIndirectInputEvents[sdk=iphoneos*]" = YES;
				"INFOPLIST_KEY_UIApplicationSupportsIndirectInputEvents[sdk=iphonesimulator*]" = YES;
				"INFOPLIST_KEY_UILaunchScreen_Generation[sdk=iphoneos*]" = YES;
				"INFOPLIST_KEY_UILaunchScreen_Generation[sdk=iphonesimulator*]" = YES;
				"INFOPLIST_KEY_UIStatusBarStyle[sdk=iphoneos*]" = UIStatusBarStyleDefault;
				"INFOPLIST_KEY_UIStatusBarStyle[sdk=iphonesimulator*]" = UIStatusBarStyleDefault;
				INFOPLIST_KEY_UISupportedInterfaceOrientations_iPad = "UIInterfaceOrientationPortrait UIInterfaceOrientationPortraitUpsideDown UIInterfaceOrientationLandscapeLeft UIInterfaceOrientationLandscapeRight";
				INFOPLIST_KEY_UISupportedInterfaceOrientations_iPhone = "UIInterfaceOrientationPortrait UIInterfaceOrientationLandscapeLeft UIInterfaceOrientationLandscapeRight";
				IPHONEOS_DEPLOYMENT_TARGET = 17.0;
				LD_RUNPATH_SEARCH_PATHS = "@executable_path/Frameworks";
				"LD_RUNPATH_SEARCH_PATHS[sdk=macosx*]" = "@executable_path/../Frameworks";
				MACOSX_DEPLOYMENT_TARGET = 14.0;
				MARKETING_VERSION = 1.0;
				PRODUCT_BUNDLE_IDENTIFIER = "aiv.iBlocker-ios-macos-apps";
				PRODUCT_NAME = "$(TARGET_NAME)";
				SDKROOT = auto;
				SUPPORTED_PLATFORMS = "iphoneos iphonesimulator";
				SUPPORTS_MACCATALYST = NO;
				SUPPORTS_MAC_DESIGNED_FOR_IPHONE_IPAD = NO;
				SWIFT_EMIT_LOC_STRINGS = YES;
				SWIFT_VERSION = 5.0;
				TARGETED_DEVICE_FAMILY = "1,2";
			};
			name = Release;
		};
/* End XCBuildConfiguration section */

/* Begin XCConfigurationList section */
		55050B072B04BAF200485BE2 /* Build configuration list for PBXNativeTarget "contentBlocker" */ = {
			isa = XCConfigurationList;
			buildConfigurations = (
				55050B052B04BAF200485BE2 /* Debug */,
				55050B062B04BAF200485BE2 /* Release */,
			);
			defaultConfigurationIsVisible = 0;
			defaultConfigurationName = Release;
		};
		5563448B2B036D250070CD3E /* Build configuration list for PBXProject "iBlocker" */ = {
			isa = XCConfigurationList;
			buildConfigurations = (
				5563449D2B036D260070CD3E /* Debug */,
				5563449E2B036D260070CD3E /* Release */,
			);
			defaultConfigurationIsVisible = 0;
			defaultConfigurationName = Release;
		};
		5563449F2B036D260070CD3E /* Build configuration list for PBXNativeTarget "iBlocker" */ = {
			isa = XCConfigurationList;
			buildConfigurations = (
				556344A02B036D260070CD3E /* Debug */,
				556344A12B036D260070CD3E /* Release */,
			);
			defaultConfigurationIsVisible = 0;
			defaultConfigurationName = Release;
		};
/* End XCConfigurationList section */
	};
	rootObject = 556344882B036D250070CD3E /* Project object */;
}
